
Microsoft Visual Studio Solution File, Format Version 12.00
# Visual Studio Version 16
VisualStudioVersion = 16.0.810.9
MinimumVisualStudioVersion = 10.0.40219.1
Project("{FAE04EC0-301F-11D3-BF4B-00C04F79EFBC}") = "aspNetWseiLab3", "aspNetWseiLab3\aspNetWseiLab3.csproj", "{A680D4A8-5A5C-4895-B756-4683F3271890}"
EndProject
Global
	GlobalSection(SolutionConfigurationPlatforms) = preSolution
		Debug|Any CPU = Debug|Any CPU
		Release|Any CPU = Release|Any CPU
	EndGlobalSection
	GlobalSection(ProjectConfigurationPlatforms) = postSolution
		{A680D4A8-5A5C-4895-B756-4683F3271890}.Debug|Any CPU.ActiveCfg = Debug|Any CPU
		{A680D4A8-5A5C-4895-B756-4683F3271890}.Debug|Any CPU.Build.0 = Debug|Any CPU
		{A680D4A8-5A5C-4895-B756-4683F3271890}.Release|Any CPU.ActiveCfg = Release|Any CPU
		{A680D4A8-5A5C-4895-B756-4683F3271890}.Release|Any CPU.Build.0 = Release|Any CPU
	EndGlobalSection
	GlobalSection(SolutionProperties) = preSolution
		HideSolutionNode = FALSE
	EndGlobalSection
	GlobalSection(ExtensibilityGlobals) = postSolution
		SolutionGuid = {5AE6760E-920E-4DD4-B3F3-761F42323306}
	EndGlobalSection
EndGlobal
